
Microsoft Visual Studio Solution File, Format Version 12.00
# Visual Studio 15
VisualStudioVersion = 15.0.28307.1831
MinimumVisualStudioVersion = 10.0.40219.1
Project("{FAE04EC0-301F-11D3-BF4B-00C04F79EFBC}") = "PracticeSolution", "PracticeSolution\PracticeSolution.csproj", "{10368989-91D6-42BF-B9E0-A5A905720EB2}"
EndProject
Project("{FAE04EC0-301F-11D3-BF4B-00C04F79EFBC}") = "PracticeSolution.Tests", "PracticeSolution.Tests\PracticeSolution.Tests.csproj", "{7084DFBB-BBEF-415A-BA94-36254F0E576C}"
EndProject
Global
	GlobalSection(SolutionConfigurationPlatforms) = preSolution
		Debug|Any CPU = Debug|Any CPU
		Release|Any CPU = Release|Any CPU
	EndGlobalSection
	GlobalSection(ProjectConfigurationPlatforms) = postSolution
		{10368989-91D6-42BF-B9E0-A5A905720EB2}.Debug|Any CPU.ActiveCfg = Debug|Any CPU
		{10368989-91D6-42BF-B9E0-A5A905720EB2}.Debug|Any CPU.Build.0 = Debug|Any CPU
		{10368989-91D6-42BF-B9E0-A5A905720EB2}.Release|Any CPU.ActiveCfg = Release|Any CPU
		{10368989-91D6-42BF-B9E0-A5A905720EB2}.Release|Any CPU.Build.0 = Release|Any CPU
		{7084DFBB-BBEF-415A-BA94-36254F0E576C}.Debug|Any CPU.ActiveCfg = Debug|Any CPU
		{7084DFBB-BBEF-415A-BA94-36254F0E576C}.Debug|Any CPU.Build.0 = Debug|Any CPU
		{7084DFBB-BBEF-415A-BA94-36254F0E576C}.Release|Any CPU.ActiveCfg = Release|Any CPU
		{7084DFBB-BBEF-415A-BA94-36254F0E576C}.Release|Any CPU.Build.0 = Release|Any CPU
	EndGlobalSection
	GlobalSection(SolutionProperties) = preSolution
		HideSolutionNode = FALSE
	EndGlobalSection
	GlobalSection(ExtensibilityGlobals) = postSolution
		SolutionGuid = {30B6FCFC-A172-434C-AEFE-21934E6D7F53}
	EndGlobalSection
EndGlobal
